
Microsoft Visual Studio Solution File, Format Version 12.00
# Visual Studio 15
VisualStudioVersion = 15.0.27130.2027
MinimumVisualStudioVersion = 10.0.40219.1
Project("{FAE04EC0-301F-11D3-BF4B-00C04F79EFBC}") = "IWillFinishIt", "IWillFinishIt\IWillFinishIt.csproj", "{79E79B32-556D-4788-A3F8-F3CBF49323FC}"
EndProject
Global
	GlobalSection(SolutionConfigurationPlatforms) = preSolution
		Debug|Any CPU = Debug|Any CPU
		Release|Any CPU = Release|Any CPU
	EndGlobalSection
	GlobalSection(ProjectConfigurationPlatforms) = postSolution
		{79E79B32-556D-4788-A3F8-F3CBF49323FC}.Debug|Any CPU.ActiveCfg = Debug|Any CPU
		{79E79B32-556D-4788-A3F8-F3CBF49323FC}.Debug|Any CPU.Build.0 = Debug|Any CPU
		{79E79B32-556D-4788-A3F8-F3CBF49323FC}.Release|Any CPU.ActiveCfg = Release|Any CPU
		{79E79B32-556D-4788-A3F8-F3CBF49323FC}.Release|Any CPU.Build.0 = Release|Any CPU
	EndGlobalSection
	GlobalSection(SolutionProperties) = preSolution
		HideSolutionNode = FALSE
	EndGlobalSection
	GlobalSection(ExtensibilityGlobals) = postSolution
		SolutionGuid = {0E240F7B-17A1-44EE-A446-B5BE69A4F536}
	EndGlobalSection
EndGlobal
